
Microsoft Visual Studio Solution File, Format Version 12.00
# Visual Studio 2013
VisualStudioVersion = 12.0.40629.0
MinimumVisualStudioVersion = 10.0.40219.1
Project("{FAE04EC0-301F-11D3-BF4B-00C04F79EFBC}") = "NT.TestDemo.UI", "NT.TestDemo.UI\NT.TestDemo.UI.csproj", "{B5ACD731-D9F8-47AF-A512-E5487E5E579B}"
EndProject
Project("{FAE04EC0-301F-11D3-BF4B-00C04F79EFBC}") = "NT.TestDemo.BLL", "NT.TestDemo.BLL\NT.TestDemo.BLL.csproj", "{E1443D1C-D0FE-484B-B51F-17E30E74EA63}"
EndProject
Project("{FAE04EC0-301F-11D3-BF4B-00C04F79EFBC}") = "NT.TestDemo.Core", "NT.TestDemo.Core\NT.TestDemo.Core.csproj", "{EF54D277-EF6E-4BD5-8B54-2009104ABA98}"
EndProject
Project("{FAE04EC0-301F-11D3-BF4B-00C04F79EFBC}") = "NT.TestDemo.DAL", "NT.TestDemo.DAL\NT.TestDemo.DAL.csproj", "{4F3C079C-4B3D-4EE6-AF67-CA0496ACB719}"
EndProject
Project("{FAE04EC0-301F-11D3-BF4B-00C04F79EFBC}") = "NT.TestDemo.Common", "NT.TestDemo.Common\NT.TestDemo.Common.csproj", "{862BAACF-2689-4839-B5EB-007F9E3D21AD}"
EndProject
Project("{FAE04EC0-301F-11D3-BF4B-00C04F79EFBC}") = "NT.TestDemo.Log", "NT.TestDemo.Log\NT.TestDemo.Log.csproj", "{F27AFE8E-E5ED-4A1F-A3B8-82930974B5B3}"
EndProject
Project("{FAE04EC0-301F-11D3-BF4B-00C04F79EFBC}") = "NT.TestDemo.PL", "NT.TestDemo.PL\NT.TestDemo.PL.csproj", "{EC6E9827-508D-4DA7-A5FE-122CB06CA77B}"
EndProject
Project("{FAE04EC0-301F-11D3-BF4B-00C04F79EFBC}") = "log4net.vs2010", "..\..\..\VsProject\visual studio 2015\Projects\log4net-1.2.13\src\log4net.vs2010.csproj", "{181FE707-E161-4722-9F38-6AAAB6FAA106}"
EndProject
Project("{FAE04EC0-301F-11D3-BF4B-00C04F79EFBC}") = "NT.TestDemo.UnitTest", "NT.TestDemo.UnitTest\NT.TestDemo.UnitTest.csproj", "{9EC8DDB0-4193-40A1-997F-893A16BB26B6}"
EndProject
Project("{FAE04EC0-301F-11D3-BF4B-00C04F79EFBC}") = "NT.Private.UI", "NT.Private.UI\NT.Private.UI.csproj", "{57795F1B-5619-4411-8524-9408E1726FCB}"
EndProject
Global
	GlobalSection(SolutionConfigurationPlatforms) = preSolution
		Debug|Any CPU = Debug|Any CPU
		Debug|x64 = Debug|x64
		Debug|x86 = Debug|x86
		Release|Any CPU = Release|Any CPU
		Release|x64 = Release|x64
		Release|x86 = Release|x86
	EndGlobalSection
	GlobalSection(ProjectConfigurationPlatforms) = postSolution
		{B5ACD731-D9F8-47AF-A512-E5487E5E579B}.Debug|Any CPU.ActiveCfg = Debug|Any CPU
		{B5ACD731-D9F8-47AF-A512-E5487E5E579B}.Debug|Any CPU.Build.0 = Debug|Any CPU
		{B5ACD731-D9F8-47AF-A512-E5487E5E579B}.Debug|x64.ActiveCfg = Debug|x64
		{B5ACD731-D9F8-47AF-A512-E5487E5E579B}.Debug|x64.Build.0 = Debug|x64
		{B5ACD731-D9F8-47AF-A512-E5487E5E579B}.Debug|x86.ActiveCfg = Debug|x86
		{B5ACD731-D9F8-47AF-A512-E5487E5E579B}.Debug|x86.Build.0 = Debug|x86
		{B5ACD731-D9F8-47AF-A512-E5487E5E579B}.Release|Any CPU.ActiveCfg = Release|Any CPU
		{B5ACD731-D9F8-47AF-A512-E5487E5E579B}.Release|Any CPU.Build.0 = Release|Any CPU
		{B5ACD731-D9F8-47AF-A512-E5487E5E579B}.Release|x64.ActiveCfg = Release|x64
		{B5ACD731-D9F8-47AF-A512-E5487E5E579B}.Release|x64.Build.0 = Release|x64
		{B5ACD731-D9F8-47AF-A512-E5487E5E579B}.Release|x86.ActiveCfg = Release|x86
		{B5ACD731-D9F8-47AF-A512-E5487E5E579B}.Release|x86.Build.0 = Release|x86
		{E1443D1C-D0FE-484B-B51F-17E30E74EA63}.Debug|Any CPU.ActiveCfg = Debug|Any CPU
		{E1443D1C-D0FE-484B-B51F-17E30E74EA63}.Debug|Any CPU.Build.0 = Debug|Any CPU
		{E1443D1C-D0FE-484B-B51F-17E30E74EA63}.Debug|x64.ActiveCfg = Debug|x64
		{E1443D1C-D0FE-484B-B51F-17E30E74EA63}.Debug|x64.Build.0 = Debug|x64
		{E1443D1C-D0FE-484B-B51F-17E30E74EA63}.Debug|x86.ActiveCfg = Debug|Any CPU
		{E1443D1C-D0FE-484B-B51F-17E30E74EA63}.Release|Any CPU.ActiveCfg = Release|Any CPU
		{E1443D1C-D0FE-484B-B51F-17E30E74EA63}.Release|Any CPU.Build.0 = Release|Any CPU
		{E1443D1C-D0FE-484B-B51F-17E30E74EA63}.Release|x64.ActiveCfg = Release|x64
		{E1443D1C-D0FE-484B-B51F-17E30E74EA63}.Release|x64.Build.0 = Release|x64
		{E1443D1C-D0FE-484B-B51F-17E30E74EA63}.Release|x86.ActiveCfg = Release|Any CPU
		{EF54D277-EF6E-4BD5-8B54-2009104ABA98}.Debug|Any CPU.ActiveCfg = Debug|Any CPU
		{EF54D277-EF6E-4BD5-8B54-2009104ABA98}.Debug|Any CPU.Build.0 = Debug|Any CPU
		{EF54D277-EF6E-4BD5-8B54-2009104ABA98}.Debug|x64.ActiveCfg = Debug|x64
		{EF54D277-EF6E-4BD5-8B54-2009104ABA98}.Debug|x64.Build.0 = Debug|x64
		{EF54D277-EF6E-4BD5-8B54-2009104ABA98}.Debug|x86.ActiveCfg = Debug|Any CPU
		{EF54D277-EF6E-4BD5-8B54-2009104ABA98}.Release|Any CPU.ActiveCfg = Release|Any CPU
		{EF54D277-EF6E-4BD5-8B54-2009104ABA98}.Release|Any CPU.Build.0 = Release|Any CPU
		{EF54D277-EF6E-4BD5-8B54-2009104ABA98}.Release|x64.ActiveCfg = Release|x64
		{EF54D277-EF6E-4BD5-8B54-2009104ABA98}.Release|x64.Build.0 = Release|x64
		{EF54D277-EF6E-4BD5-8B54-2009104ABA98}.Release|x86.ActiveCfg = Release|Any CPU
		{4F3C079C-4B3D-4EE6-AF67-CA0496ACB719}.Debug|Any CPU.ActiveCfg = Debug|Any CPU
		{4F3C079C-4B3D-4EE6-AF67-CA0496ACB719}.Debug|Any CPU.Build.0 = Debug|Any CPU
		{4F3C079C-4B3D-4EE6-AF67-CA0496ACB719}.Debug|x64.ActiveCfg = Debug|x64
		{4F3C079C-4B3D-4EE6-AF67-CA0496ACB719}.Debug|x64.Build.0 = Debug|x64
		{4F3C079C-4B3D-4EE6-AF67-CA0496ACB719}.Debug|x86.ActiveCfg = Debug|Any CPU
		{4F3C079C-4B3D-4EE6-AF67-CA0496ACB719}.Release|Any CPU.ActiveCfg = Release|Any CPU
		{4F3C079C-4B3D-4EE6-AF67-CA0496ACB719}.Release|Any CPU.Build.0 = Release|Any CPU
		{4F3C079C-4B3D-4EE6-AF67-CA0496ACB719}.Release|x64.ActiveCfg = Release|x64
		{4F3C079C-4B3D-4EE6-AF67-CA0496ACB719}.Release|x64.Build.0 = Release|x64
		{4F3C079C-4B3D-4EE6-AF67-CA0496ACB719}.Release|x86.ActiveCfg = Release|Any CPU
		{862BAACF-2689-4839-B5EB-007F9E3D21AD}.Debug|Any CPU.ActiveCfg = Debug|Any CPU
		{862BAACF-2689-4839-B5EB-007F9E3D21AD}.Debug|Any CPU.Build.0 = Debug|Any CPU
		{862BAACF-2689-4839-B5EB-007F9E3D21AD}.Debug|x64.ActiveCfg = Debug|x64
		{862BAACF-2689-4839-B5EB-007F9E3D21AD}.Debug|x64.Build.0 = Debug|x64
		{862BAACF-2689-4839-B5EB-007F9E3D21AD}.Debug|x86.ActiveCfg = Debug|Any CPU
		{862BAACF-2689-4839-B5EB-007F9E3D21AD}.Release|Any CPU.ActiveCfg = Release|Any CPU
		{862BAACF-2689-4839-B5EB-007F9E3D21AD}.Release|Any CPU.Build.0 = Release|Any CPU
		{862BAACF-2689-4839-B5EB-007F9E3D21AD}.Release|x64.ActiveCfg = Release|x64
		{862BAACF-2689-4839-B5EB-007F9E3D21AD}.Release|x64.Build.0 = Release|x64
		{862BAACF-2689-4839-B5EB-007F9E3D21AD}.Release|x86.ActiveCfg = Release|Any CPU
		{F27AFE8E-E5ED-4A1F-A3B8-82930974B5B3}.Debug|Any CPU.ActiveCfg = Debug|Any CPU
		{F27AFE8E-E5ED-4A1F-A3B8-82930974B5B3}.Debug|Any CPU.Build.0 = Debug|Any CPU
		{F27AFE8E-E5ED-4A1F-A3B8-82930974B5B3}.Debug|x64.ActiveCfg = Debug|x64
		{F27AFE8E-E5ED-4A1F-A3B8-82930974B5B3}.Debug|x64.Build.0 = Debug|x64
		{F27AFE8E-E5ED-4A1F-A3B8-82930974B5B3}.Debug|x86.ActiveCfg = Debug|Any CPU
		{F27AFE8E-E5ED-4A1F-A3B8-82930974B5B3}.Release|Any CPU.ActiveCfg = Release|Any CPU
		{F27AFE8E-E5ED-4A1F-A3B8-82930974B5B3}.Release|Any CPU.Build.0 = Release|Any CPU
		{F27AFE8E-E5ED-4A1F-A3B8-82930974B5B3}.Release|x64.ActiveCfg = Release|x64
		{F27AFE8E-E5ED-4A1F-A3B8-82930974B5B3}.Release|x64.Build.0 = Release|x64
		{F27AFE8E-E5ED-4A1F-A3B8-82930974B5B3}.Release|x86.ActiveCfg = Release|Any CPU
		{EC6E9827-508D-4DA7-A5FE-122CB06CA77B}.Debug|Any CPU.ActiveCfg = Debug|Any CPU
		{EC6E9827-508D-4DA7-A5FE-122CB06CA77B}.Debug|Any CPU.Build.0 = Debug|Any CPU
		{EC6E9827-508D-4DA7-A5FE-122CB06CA77B}.Debug|x64.ActiveCfg = Debug|x64
		{EC6E9827-508D-4DA7-A5FE-122CB06CA77B}.Debug|x64.Build.0 = Debug|x64
		{EC6E9827-508D-4DA7-A5FE-122CB06CA77B}.Debug|x86.ActiveCfg = Debug|Any CPU
		{EC6E9827-508D-4DA7-A5FE-122CB06CA77B}.Release|Any CPU.ActiveCfg = Release|Any CPU
		{EC6E9827-508D-4DA7-A5FE-122CB06CA77B}.Release|Any CPU.Build.0 = Release|Any CPU
		{EC6E9827-508D-4DA7-A5FE-122CB06CA77B}.Release|x64.ActiveCfg = Release|x64
		{EC6E9827-508D-4DA7-A5FE-122CB06CA77B}.Release|x64.Build.0 = Release|x64
		{EC6E9827-508D-4DA7-A5FE-122CB06CA77B}.Release|x86.ActiveCfg = Release|Any CPU
		{181FE707-E161-4722-9F38-6AAAB6FAA106}.Debug|Any CPU.ActiveCfg = Debug|Any CPU
		{181FE707-E161-4722-9F38-6AAAB6FAA106}.Debug|Any CPU.Build.0 = Debug|Any CPU
		{181FE707-E161-4722-9F38-6AAAB6FAA106}.Debug|x64.ActiveCfg = Debug|x64
		{181FE707-E161-4722-9F38-6AAAB6FAA106}.Debug|x64.Build.0 = Debug|x64
		{181FE707-E161-4722-9F38-6AAAB6FAA106}.Debug|x86.ActiveCfg = Debug|Any CPU
		{181FE707-E161-4722-9F38-6AAAB6FAA106}.Release|Any CPU.ActiveCfg = Release|Any CPU
		{181FE707-E161-4722-9F38-6AAAB6FAA106}.Release|Any CPU.Build.0 = Release|Any CPU
		{181FE707-E161-4722-9F38-6AAAB6FAA106}.Release|x64.ActiveCfg = Release|x64
		{181FE707-E161-4722-9F38-6AAAB6FAA106}.Release|x64.Build.0 = Release|x64
		{181FE707-E161-4722-9F38-6AAAB6FAA106}.Release|x86.ActiveCfg = Release|Any CPU
		{9EC8DDB0-4193-40A1-997F-893A16BB26B6}.Debug|Any CPU.ActiveCfg = Debug|Any CPU
		{9EC8DDB0-4193-40A1-997F-893A16BB26B6}.Debug|Any CPU.Build.0 = Debug|Any CPU
		{9EC8DDB0-4193-40A1-997F-893A16BB26B6}.Debug|x64.ActiveCfg = Debug|Any CPU
		{9EC8DDB0-4193-40A1-997F-893A16BB26B6}.Debug|x86.ActiveCfg = Debug|Any CPU
		{9EC8DDB0-4193-40A1-997F-893A16BB26B6}.Release|Any CPU.ActiveCfg = Release|Any CPU
		{9EC8DDB0-4193-40A1-997F-893A16BB26B6}.Release|Any CPU.Build.0 = Release|Any CPU
		{9EC8DDB0-4193-40A1-997F-893A16BB26B6}.Release|x64.ActiveCfg = Release|Any CPU
		{9EC8DDB0-4193-40A1-997F-893A16BB26B6}.Release|x86.ActiveCfg = Release|Any CPU
		{57795F1B-5619-4411-8524-9408E1726FCB}.Debug|Any CPU.ActiveCfg = Debug|Any CPU
		{57795F1B-5619-4411-8524-9408E1726FCB}.Debug|Any CPU.Build.0 = Debug|Any CPU
		{57795F1B-5619-4411-8524-9408E1726FCB}.Debug|x64.ActiveCfg = Debug|Any CPU
		{57795F1B-5619-4411-8524-9408E1726FCB}.Debug|x86.ActiveCfg = Debug|Any CPU
		{57795F1B-5619-4411-8524-9408E1726FCB}.Release|Any CPU.ActiveCfg = Release|Any CPU
		{57795F1B-5619-4411-8524-9408E1726FCB}.Release|Any CPU.Build.0 = Release|Any CPU
		{57795F1B-5619-4411-8524-9408E1726FCB}.Release|x64.ActiveCfg = Release|Any CPU
		{57795F1B-5619-4411-8524-9408E1726FCB}.Release|x86.ActiveCfg = Release|Any CPU
	EndGlobalSection
	GlobalSection(SolutionProperties) = preSolution
		HideSolutionNode = FALSE
	EndGlobalSection
EndGlobal
